<?xml version="1.0" encoding="utf-8"?>
<Project ToolsVersion="4.0" xmlns="http://schemas.microsoft.com/developer/msbuild/2003">
  <ItemGroup>
    <Filter Include="Source Files">
      <UniqueIdentifier>{4FC737F1-C7A5-4376-A066-2A32D752A2FF}</UniqueIdentifier>
      <Extensions>cpp;c;cc;cxx;c++;cppm;ixx;def;odl;idl;hpj;bat;asm;asmx</Extensions>
    </Filter>
    <Filter Include="Header Files">
      <UniqueIdentifier>{93995380-89BD-4b04-88EB-625FBE52EBFB}</UniqueIdentifier>
      <Extensions>h;hh;hpp;hxx;h++;hm;inl;inc;ipp;xsd</Extensions>
    </Filter>
    <Filter Include="Resource Files">
      <UniqueIdentifier>{67DA6AB6-F800-4c08-8B7A-83BB121AAD01}</UniqueIdentifier>
      <Extensions>rc;ico;cur;bmp;dlg;rc2;rct;bin;rgs;gif;jpg;jpeg;jpe;resx;tiff;tif;png;wav;mfcribbon-ms</Extensions>
    </Filter>
  </ItemGroup>
  <ItemGroup>
    <ClCompile Include="main.cpp">
      <Filter>Source Files</Filter>
    </ClCompile>
    <ClCompile Include="Engine\debug.cpp">
      <Filter>Source Files</Filter>
    </ClCompile>
    <ClCompile Include="Engine\Game.cpp">
      <Filter>Source Files</Filter>
    </ClCompile>
    <ClCompile Include="Engine\GameObject.cpp">
      <Filter>Source Files</Filter>
    </ClCompile>
    <ClCompile Include="Engine\Math\Vector2.cpp">
      <Filter>Source Files</Filter>
    </ClCompile>
    <ClCompile Include="Engine\Graphics\Animation.cpp">
      <Filter>Source Files</Filter>
    </ClCompile>
    <ClCompile Include="Engine\Graphics\Animations.cpp">
      <Filter>Source Files</Filter>
    </ClCompile>
    <ClCompile Include="Engine\Graphics\Sprite.cpp">
      <Filter>Source Files</Filter>
    </ClCompile>
    <ClCompile Include="Engine\Graphics\Sprites.cpp">
      <Filter>Source Files</Filter>
    </ClCompile>
    <ClCompile Include="Engine\Graphics\Textures.cpp">
      <Filter>Source Files</Filter>
    </ClCompile>
    <ClCompile Include="Engine\Collision.cpp">
      <Filter>Source Files</Filter>
    </ClCompile>
    <ClCompile Include="Engine\PlayScene.cpp">
      <Filter>Source Files</Filter>
    </ClCompile>
    <ClCompile Include="Engine\Utils.cpp">
      <Filter>Source Files</Filter>
    </ClCompile>
    <ClCompile Include="Engine\Loaders\SpritesLoader.cpp">
      <Filter>Source Files</Filter>
    </ClCompile>
    <ClCompile Include="GameObjects\Mario.cpp">
      <Filter>Source Files</Filter>
    </ClCompile>
    <ClCompile Include="Engine\Helper.cpp">
      <Filter>Source Files</Filter>
    </ClCompile>
    <ClCompile Include="GameObjects\Blocks\QuestionBlock.cpp">
      <Filter>Source Files</Filter>
    </ClCompile>
    <ClCompile Include="GameObjects\Particles\Coin.cpp">
      <Filter>Source Files</Filter>
    </ClCompile>
    <ClCompile Include="GameObjects\Powerups\Mushroom.cpp">
      <Filter>Source Files</Filter>
    </ClCompile>
    <ClCompile Include="GameObjects\NPC\Goomba.cpp">
      <Filter>Source Files</Filter>
    </ClCompile>
    <ClCompile Include="GameObjects\NPC\Piranha.cpp">
      <Filter>Source Files</Filter>
    </ClCompile>
    <ClCompile Include="GameObjects\NPC\GreenKoopa.cpp">
      <Filter>Source Files</Filter>
    </ClCompile>
    <ClCompile Include="Engine\Loaders\CollisionMapLoader.cpp">
      <Filter>Source Files</Filter>
    </ClCompile>
    <ClCompile Include="GameObjects\NPC\RedKoopa.cpp">
      <Filter>Source Files</Filter>
    </ClCompile>
    <ClCompile Include="Engine\CollisionCast.cpp">
      <Filter>Source Files</Filter>
    </ClCompile>
    <ClCompile Include="Engine\Math\Vector2i.cpp">
      <Filter>Source Files</Filter>
    </ClCompile>
    <ClCompile Include="GameObjects\Particles\ScorePopup.cpp">
      <Filter>Source Files</Filter>
    </ClCompile>
    <ClCompile Include="GameObjects\NPC\Fireball.cpp">
      <Filter>Source Files</Filter>
    </ClCompile>
    <ClCompile Include="GameObjects\Powerups\Leaf.cpp">
      <Filter>Source Files</Filter>
    </ClCompile>
    <ClCompile Include="GameObjects\HUD.cpp">
      <Filter>Source Files</Filter>
    </ClCompile>
    <ClCompile Include="GameObjects\Powerups\OneUp.cpp">
      <Filter>Source Files</Filter>
    </ClCompile>
    <ClCompile Include="GameObjects\Level\KillBarrier.cpp">
      <Filter>Source Files</Filter>
    </ClCompile>
    <ClCompile Include="GameObjects\Blocks\Brick.cpp">
      <Filter>Source Files</Filter>
    </ClCompile>
    <ClCompile Include="GameObjects\Blocks\LevelEnd.cpp">
      <Filter>Source Files</Filter>
    </ClCompile>
  </ItemGroup>
  <ItemGroup>
    <None Include="packages.config" />
  </ItemGroup>
  <ItemGroup>
    <Image Include="Content\bbox.png">
      <Filter>Resource Files</Filter>
    </Image>
    <Image Include="Content\mariotiles.png">
      <Filter>Resource Files</Filter>
    </Image>
    <Image Include="Content\marioTiles32.png">
      <Filter>Resource Files</Filter>
    </Image>
    <Image Include="Content\mario.png">
      <Filter>Resource Files</Filter>
    </Image>
    <Image Include="Content\objectSprites.png">
      <Filter>Resource Files</Filter>
    </Image>
    <Image Include="Content\enemies.png">
      <Filter>Resource Files</Filter>
    </Image>
  </ItemGroup>
  <ItemGroup>
    <ClInclude Include="Engine\debug.h">
      <Filter>Header Files</Filter>
    </ClInclude>
    <ClInclude Include="Engine\Game.h">
      <Filter>Header Files</Filter>
    </ClInclude>
    <ClInclude Include="Engine\GameObject.h">
      <Filter>Header Files</Filter>
    </ClInclude>
    <ClInclude Include="Engine\Graphics\Texture.h">
      <Filter>Header Files</Filter>
    </ClInclude>
    <ClInclude Include="Engine\Math\Vector2.h">
      <Filter>Header Files</Filter>
    </ClInclude>
    <ClInclude Include="Engine\Helper.h">
      <Filter>Header Files</Filter>
    </ClInclude>
    <ClInclude Include="Engine\Graphics\Animation.h">
      <Filter>Header Files</Filter>
    </ClInclude>
    <ClInclude Include="Engine\Graphics\AnimationFrame.h">
      <Filter>Header Files</Filter>
    </ClInclude>
    <ClInclude Include="Engine\Graphics\Animations.h">
      <Filter>Header Files</Filter>
    </ClInclude>
    <ClInclude Include="Engine\Graphics\Sprite.h">
      <Filter>Header Files</Filter>
    </ClInclude>
    <ClInclude Include="Engine\Graphics\Sprites.h">
      <Filter>Header Files</Filter>
    </ClInclude>
    <ClInclude Include="Engine\Graphics\Textures.h">
      <Filter>Header Files</Filter>
    </ClInclude>
    <ClInclude Include="Engine\Math\AABB.h">
      <Filter>Header Files</Filter>
    </ClInclude>
    <ClInclude Include="Engine\Collision.h">
      <Filter>Header Files</Filter>
    </ClInclude>
    <ClInclude Include="Engine\PlayScene.h">
      <Filter>Header Files</Filter>
    </ClInclude>
    <ClInclude Include="Engine\Scene.h">
      <Filter>Header Files</Filter>
    </ClInclude>
    <ClInclude Include="Engine\Utils.h">
      <Filter>Header Files</Filter>
    </ClInclude>
    <ClInclude Include="GameObjects\TileObjects\CollidableTile.h">
      <Filter>Header Files</Filter>
    </ClInclude>
    <ClInclude Include="GameObjects\TileObjects\Tile.h">
      <Filter>Header Files</Filter>
    </ClInclude>
    <ClInclude Include="GameObjects\Mario.h">
      <Filter>Header Files</Filter>
    </ClInclude>
    <ClInclude Include="Engine\Loaders\SpritesLoader.h">
      <Filter>Header Files</Filter>
    </ClInclude>
    <ClInclude Include="Engine\Loaders\Loader.h">
      <Filter>Header Files</Filter>
    </ClInclude>
    <ClInclude Include="GameObjects\Blocks\QuestionBlock.h">
      <Filter>Header Files</Filter>
    </ClInclude>
    <ClInclude Include="GameObjects\Particles\Coin.h">
      <Filter>Header Files</Filter>
    </ClInclude>
    <ClInclude Include="GameObjects\Blocks\OneWay.h">
      <Filter>Header Files</Filter>
    </ClInclude>
    <ClInclude Include="GameObjects\Powerups\Mushroom.h">
      <Filter>Header Files</Filter>
    </ClInclude>
    <ClInclude Include="GameObjects\NPC\Goomba.h">
      <Filter>Header Files</Filter>
    </ClInclude>
    <ClInclude Include="GameObjects\NPC\Piranha.h">
      <Filter>Header Files</Filter>
    </ClInclude>
    <ClInclude Include="ContentIds\Coin.h">
      <Filter>Header Files</Filter>
    </ClInclude>
    <ClInclude Include="ContentIds\FirePiranha.h">
      <Filter>Header Files</Filter>
    </ClInclude>
    <ClInclude Include="ContentIds\Goomba.h">
      <Filter>Header Files</Filter>
    </ClInclude>
    <ClInclude Include="ContentIds\Mario.h">
      <Filter>Header Files</Filter>
    </ClInclude>
    <ClInclude Include="ContentIds\Mushroom.h">
      <Filter>Header Files</Filter>
    </ClInclude>
    <ClInclude Include="ContentIds\QuestionBlock.h">
      <Filter>Header Files</Filter>
    </ClInclude>
    <ClInclude Include="contents.h">
      <Filter>Header Files</Filter>
    </ClInclude>
    <ClInclude Include="ContentIds\GreenKoopa.h">
      <Filter>Header Files</Filter>
    </ClInclude>
    <ClInclude Include="ContentIds\Fireball.h">
      <Filter>Header Files</Filter>
    </ClInclude>
    <ClInclude Include="ContentIds\RedKoopa.h">
      <Filter>Header Files</Filter>
    </ClInclude>
    <ClInclude Include="GameObjects\NPC\GreenKoopa.h">
      <Filter>Header Files</Filter>
    </ClInclude>
    <ClInclude Include="GameObjects\TileObjects\CollidableTileLayer.h">
      <Filter>Header Files</Filter>
    </ClInclude>
    <ClInclude Include="Engine\Loaders\CollisionMapLoader.h">
      <Filter>Header Files</Filter>
    </ClInclude>
    <ClInclude Include="Engine\CollisionCast.h">
      <Filter>Header Files</Filter>
    </ClInclude>
    <ClInclude Include="GameObjects\NPC\RedKoopa.h">
      <Filter>Header Files</Filter>
    </ClInclude>
    <ClInclude Include="Engine\Math\Vector2i.h">
      <Filter>Header Files</Filter>
    </ClInclude>
    <ClInclude Include="ContentIds\MarioBig.h">
      <Filter>Header Files</Filter>
    </ClInclude>
    <ClInclude Include="GameObjects\TileObjects\TileLayer.h">
      <Filter>Header Files</Filter>
    </ClInclude>
    <ClInclude Include="GameObjects\TileObjects\TileStruct.h">
      <Filter>Header Files</Filter>
    </ClInclude>
    <ClInclude Include="ContentIds\UI.h">
      <Filter>Header Files</Filter>
    </ClInclude>
    <ClInclude Include="GameObjects\Particles\ScorePopup.h">
      <Filter>Header Files</Filter>
    </ClInclude>
    <ClInclude Include="GameObjects\NPC\Fireball.h">
      <Filter>Header Files</Filter>
    </ClInclude>
    <ClInclude Include="ContentIds\Wing.h">
      <Filter>Header Files</Filter>
    </ClInclude>
    <ClInclude Include="ContentIds\RedGoomba.h">
      <Filter>Header Files</Filter>
    </ClInclude>
    <ClInclude Include="GameObjects\Powerups\Leaf.h">
      <Filter>Header Files</Filter>
    </ClInclude>
    <ClInclude Include="ContentIds\Leaf.h">
      <Filter>Header Files</Filter>
    </ClInclude>
    <ClInclude Include="ContentIds\MarioRacoon.h">
      <Filter>Header Files</Filter>
    </ClInclude>
    <ClInclude Include="GameObjects\HUD.h">
      <Filter>Header Files</Filter>
    </ClInclude>
    <ClInclude Include="ContentIds\HUD.h">
      <Filter>Header Files</Filter>
    </ClInclude>
    <ClInclude Include="GameObjects\Powerups\OneUp.h">
      <Filter>Header Files</Filter>
    </ClInclude>
    <ClInclude Include="ContentIds\OneUp.h">
      <Filter>Header Files</Filter>
    </ClInclude>
    <ClInclude Include="GameObjects\Level\KillBarrier.h">
      <Filter>Header Files</Filter>
    </ClInclude>
    <ClInclude Include="ContentIds\GreenFirePiranha.h">
      <Filter>Header Files</Filter>
    </ClInclude>
    <ClInclude Include="ContentIds\GreenPiranha.h">
      <Filter>Header Files</Filter>
    </ClInclude>
    <ClInclude Include="GameObjects\Blocks\Brick.h">
      <Filter>Header Files</Filter>
    </ClInclude>
    <ClInclude Include="GameObjects\Blocks\TeleportPipe.h">
      <Filter>Header Files</Filter>
    </ClInclude>
    <ClInclude Include="ContentIds\Brick.h">
      <Filter>Header Files</Filter>
    </ClInclude>
    <ClInclude Include="ContentIds\Particles.h">
      <Filter>Header Files</Filter>
    </ClInclude>
    <ClInclude Include="GameObjects\Particles\ParticlesAutoKill.h">
      <Filter>Header Files</Filter>
    </ClInclude>
    <ClInclude Include="ContentIds\LevelEnd.h">
      <Filter>Header Files</Filter>
    </ClInclude>
    <ClInclude Include="GameObjects\Blocks\LevelEnd.h">
      <Filter>Header Files</Filter>
    </ClInclude>
    <ClInclude Include="GameObjects\GameGlobals.h">
      <Filter>Header Files</Filter>
    </ClInclude>
  </ItemGroup>
  <ItemGroup>
    <Text Include="Content\Scenes\1-1.txt" />
    <Text Include="Content\Scenes\scenes_list.txt" />
    <Text Include="1.1.txt" />
    <Text Include="Content\Sprites\coin.txt" />
    <Text Include="Content\Sprites\fire_piranha.txt" />
    <Text Include="Content\Sprites\goomba.txt" />
    <Text Include="Content\Sprites\mario.txt" />
    <Text Include="Content\Sprites\mushroom.txt" />
    <Text Include="Content\Sprites\questionBlock.txt" />
    <Text Include="Content\Sprites\ui.txt" />
    <Text Include="Content\Sprites\red_koopa.txt" />
    <Text Include="Content\Sprites\mariobig.txt" />
    <Text Include="Content\Sprites\green_koopa.txt" />
    <Text Include="Content\Sprites\fireball.txt" />
    <Text Include="Content\Sprites\red_goomba.txt" />
    <Text Include="Content\Sprites\wing.txt" />
    <Text Include="Content\Sprites\leaf.txt" />
    <Text Include="Content\Sprites\marioracoon.txt" />
  </ItemGroup>
</Project>